dependencies:
- name: retail-store-cart-chart
  repository: file://../../cart/chart
  version: v0.0.1
- name: retail-store-catalog-chart
  repository: file://../../catalog/chart
  version: v0.0.1
- name: retail-store-checkout-chart
  repository: file://../../checkout/chart
  version: v0.0.1
- name: retail-store-orders-chart
  repository: file://../../orders/chart
  version: v0.1.0
- name: retail-store-ui-chart
  repository: file://../../ui/chart
  version: v0.1.3
digest: sha256:ddc6532586d070d5197f52c5c8e578572f5311e6ef4c92b56a419f1ce7e4d4a1
generated: "2026-09-16T13:50:34.111912+09:00"